Microsoft Visual Studio Solution File, Format Version 11.00
# Visual Studio 2008

Project("{CD5AF6FC-CA2E-A71C-CC07-4A09B1764D91}") = "disardanNesneAlma", "Assembly-CSharp-firstpass-vs.csproj", "{822205D3-56BA-E6F6-E8BF-066BF8761B31}"
EndProject
Project("{CD5AF6FC-CA2E-A71C-CC07-4A09B1764D91}") = "disardanNesneAlma", "Assembly-CSharp-vs.csproj", "{9F149CA0-501B-6398-8CCC-B3DD6A14F611}"
EndProject
Project("{CD5AF6FC-CA2E-A71C-CC07-4A09B1764D91}") = "disardanNesneAlma", "Assembly-CSharp-Editor-vs.csproj", "{13368DFE-95D4-8C9A-3F06-B9E2541C274A}"
EndProject
Global
	GlobalSection(SolutionConfigurationPlatforms) = preSolution
		Debug|Any CPU = Debug|Any CPU
		Release|Any CPU = Release|Any CPU
	EndGlobalSection
	GlobalSection(ProjectConfigurationPlatforms) = postSolution
		{822205D3-56BA-E6F6-E8BF-066BF8761B31}.Debug|Any CPU.ActiveCfg = Debug|Any CPU
		{822205D3-56BA-E6F6-E8BF-066BF8761B31}.Debug|Any CPU.Build.0 = Debug|Any CPU
		{822205D3-56BA-E6F6-E8BF-066BF8761B31}.Release|Any CPU.ActiveCfg = Release|Any CPU
		{822205D3-56BA-E6F6-E8BF-066BF8761B31}.Release|Any CPU.Build.0 = Release|Any CPU
		{9F149CA0-501B-6398-8CCC-B3DD6A14F611}.Debug|Any CPU.ActiveCfg = Debug|Any CPU
		{9F149CA0-501B-6398-8CCC-B3DD6A14F611}.Debug|Any CPU.Build.0 = Debug|Any CPU
		{9F149CA0-501B-6398-8CCC-B3DD6A14F611}.Release|Any CPU.ActiveCfg = Release|Any CPU
		{9F149CA0-501B-6398-8CCC-B3DD6A14F611}.Release|Any CPU.Build.0 = Release|Any CPU
		{13368DFE-95D4-8C9A-3F06-B9E2541C274A}.Debug|Any CPU.ActiveCfg = Debug|Any CPU
		{13368DFE-95D4-8C9A-3F06-B9E2541C274A}.Debug|Any CPU.Build.0 = Debug|Any CPU
		{13368DFE-95D4-8C9A-3F06-B9E2541C274A}.Release|Any CPU.ActiveCfg = Release|Any CPU
		{13368DFE-95D4-8C9A-3F06-B9E2541C274A}.Release|Any CPU.Build.0 = Release|Any CPU
	EndGlobalSection
	GlobalSection(SolutionProperties) = preSolution
		HideSolutionNode = FALSE
	EndGlobalSection
		GlobalSection(MonoDevelopProperties) = preSolution
		StartupItem = Assembly-CSharp.csproj
		Policies = $0
		$0.TextStylePolicy = $1
		$1.inheritsSet = null
		$1.scope = text/x-csharp
		$0.CSharpFormattingPolicy = $2
		$2.inheritsSet = Mono
		$2.inheritsScope = text/x-csharp
		$2.scope = text/x-csharp
		$0.TextStylePolicy = $3
		$3.FileWidth = 120
		$3.TabWidth = 4
		$3.IndentWidth = 4
		$3.EolMarker = Unix
		$3.inheritsSet = Mono
		$3.inheritsScope = text/plain
		$3.scope = text/plain
	EndGlobalSection

EndGlobal
