Microsoft Visual Studio Solution File, Format Version 11.00
# Visual Studio 2008

Project("{B5F54D44-30FA-58B8-35F0-B791360B5883}") = "düzYekta&impROS", "Assembly-CSharp-firstpass.csproj", "{75BA13A7-BF5D-6D06-1269-E3BCB9C5069B}"
EndProject
Project("{B5F54D44-30FA-58B8-35F0-B791360B5883}") = "düzYekta&impROS", "Assembly-CSharp.csproj", "{BCF88454-2AD1-FA76-46B4-DD60639E6EA0}"
EndProject
Project("{B5F54D44-30FA-58B8-35F0-B791360B5883}") = "düzYekta&impROS", "Assembly-CSharp-Editor.csproj", "{3E93FBEE-B049-A543-400C-F326DEC26E03}"
EndProject
Global
	GlobalSection(SolutionConfigurationPlatforms) = preSolution
		Debug|Any CPU = Debug|Any CPU
		Release|Any CPU = Release|Any CPU
	EndGlobalSection
	GlobalSection(ProjectConfigurationPlatforms) = postSolution
		{75BA13A7-BF5D-6D06-1269-E3BCB9C5069B}.Debug|Any CPU.ActiveCfg = Debug|Any CPU
		{75BA13A7-BF5D-6D06-1269-E3BCB9C5069B}.Debug|Any CPU.Build.0 = Debug|Any CPU
		{75BA13A7-BF5D-6D06-1269-E3BCB9C5069B}.Release|Any CPU.ActiveCfg = Release|Any CPU
		{75BA13A7-BF5D-6D06-1269-E3BCB9C5069B}.Release|Any CPU.Build.0 = Release|Any CPU
		{BCF88454-2AD1-FA76-46B4-DD60639E6EA0}.Debug|Any CPU.ActiveCfg = Debug|Any CPU
		{BCF88454-2AD1-FA76-46B4-DD60639E6EA0}.Debug|Any CPU.Build.0 = Debug|Any CPU
		{BCF88454-2AD1-FA76-46B4-DD60639E6EA0}.Release|Any CPU.ActiveCfg = Release|Any CPU
		{BCF88454-2AD1-FA76-46B4-DD60639E6EA0}.Release|Any CPU.Build.0 = Release|Any CPU
		{3E93FBEE-B049-A543-400C-F326DEC26E03}.Debug|Any CPU.ActiveCfg = Debug|Any CPU
		{3E93FBEE-B049-A543-400C-F326DEC26E03}.Debug|Any CPU.Build.0 = Debug|Any CPU
		{3E93FBEE-B049-A543-400C-F326DEC26E03}.Release|Any CPU.ActiveCfg = Release|Any CPU
		{3E93FBEE-B049-A543-400C-F326DEC26E03}.Release|Any CPU.Build.0 = Release|Any CPU
	EndGlobalSection
	GlobalSection(SolutionProperties) = preSolution
		HideSolutionNode = FALSE
	EndGlobalSection
					GlobalSection(MonoDevelopProperties) = preSolution
		StartupItem = Assembly-CSharp.csproj
		Policies = $0
		$0.TextStylePolicy = $1
		$1.inheritsSet = null
		$1.scope = text/x-csharp
		$0.CSharpFormattingPolicy = $2
		$2.inheritsSet = Mono
		$2.inheritsScope = text/x-csharp
		$2.scope = text/x-csharp
		$0.TextStylePolicy = $3
		$3.FileWidth = 120
		$3.TabWidth = 4
		$3.IndentWidth = 4
		$3.EolMarker = Unix
		$3.inheritsSet = Mono
		$3.inheritsScope = text/plain
		$3.scope = text/plain
	EndGlobalSection
EndGlobal
