
Microsoft Visual Studio Solution File, Format Version 12.00
# Visual Studio 2017
Project("{FAE04EC0-301F-11D3-BF4B-00C04F79EFBC}") = "New Unity Project 1.Plugins", "New Unity Project 1.Plugins.csproj", "{8597C65F-63B5-0451-6F48-B577C985CD1B}"
EndProject
Project("{FAE04EC0-301F-11D3-BF4B-00C04F79EFBC}") = "New Unity Project 1", "New Unity Project 1.csproj", "{8002E4DD-80B1-F3C7-1315-02E0DBFF17F5}"
EndProject
Project("{FAE04EC0-301F-11D3-BF4B-00C04F79EFBC}") = "New Unity Project 1.Editor", "New Unity Project 1.Editor.csproj", "{30FE36F4-B482-3774-E3E7-DE0857DA2641}"
EndProject
Global
	GlobalSection(SolutionConfigurationPlatforms) = preSolution
		Debug|Any CPU = Debug|Any CPU
		Release|Any CPU = Release|Any CPU
	EndGlobalSection
	GlobalSection(ProjectConfigurationPlatforms) = postSolution
		{8597C65F-63B5-0451-6F48-B577C985CD1B}.Debug|Any CPU.ActiveCfg = Debug|Any CPU
		{8597C65F-63B5-0451-6F48-B577C985CD1B}.Debug|Any CPU.Build.0 = Debug|Any CPU
		{8597C65F-63B5-0451-6F48-B577C985CD1B}.Release|Any CPU.ActiveCfg = Release|Any CPU
		{8597C65F-63B5-0451-6F48-B577C985CD1B}.Release|Any CPU.Build.0 = Release|Any CPU
		{8002E4DD-80B1-F3C7-1315-02E0DBFF17F5}.Debug|Any CPU.ActiveCfg = Debug|Any CPU
		{8002E4DD-80B1-F3C7-1315-02E0DBFF17F5}.Debug|Any CPU.Build.0 = Debug|Any CPU
		{8002E4DD-80B1-F3C7-1315-02E0DBFF17F5}.Release|Any CPU.ActiveCfg = Release|Any CPU
		{8002E4DD-80B1-F3C7-1315-02E0DBFF17F5}.Release|Any CPU.Build.0 = Release|Any CPU
		{30FE36F4-B482-3774-E3E7-DE0857DA2641}.Debug|Any CPU.ActiveCfg = Debug|Any CPU
		{30FE36F4-B482-3774-E3E7-DE0857DA2641}.Debug|Any CPU.Build.0 = Debug|Any CPU
		{30FE36F4-B482-3774-E3E7-DE0857DA2641}.Release|Any CPU.ActiveCfg = Release|Any CPU
		{30FE36F4-B482-3774-E3E7-DE0857DA2641}.Release|Any CPU.Build.0 = Release|Any CPU
	EndGlobalSection
	GlobalSection(SolutionProperties) = preSolution
		HideSolutionNode = FALSE
	EndGlobalSection
EndGlobal
