
Microsoft Visual Studio Solution File, Format Version 12.00
# Visual Studio 2015
Project("{FAE04EC0-301F-11D3-BF4B-00C04F79EFBC}") = "New Unity Project 2.CSharp", "New Unity Project 2.CSharp.csproj", "{0160784C-1FE2-5654-21A6-3FDD821BD77A}"
EndProject
Global
	GlobalSection(SolutionConfigurationPlatforms) = preSolution
		Debug|Any CPU = Debug|Any CPU
		Release|Any CPU = Release|Any CPU
	EndGlobalSection
	GlobalSection(ProjectConfigurationPlatforms) = postSolution
		{0160784C-1FE2-5654-21A6-3FDD821BD77A}.Debug|Any CPU.ActiveCfg = Debug|Any CPU
		{0160784C-1FE2-5654-21A6-3FDD821BD77A}.Debug|Any CPU.Build.0 = Debug|Any CPU
		{0160784C-1FE2-5654-21A6-3FDD821BD77A}.Release|Any CPU.ActiveCfg = Release|Any CPU
		{0160784C-1FE2-5654-21A6-3FDD821BD77A}.Release|Any CPU.Build.0 = Release|Any CPU
	EndGlobalSection
	GlobalSection(SolutionProperties) = preSolution
		HideSolutionNode = FALSE
	EndGlobalSection
EndGlobal
